
Microsoft Visual Studio Solution File, Format Version 12.00
# Visual Studio Version 16
VisualStudioVersion = 16.0.32602.291
MinimumVisualStudioVersion = 10.0.40219.1
Project("{9A19103F-16F7-4668-BE54-9A1E7A4F7556}") = "dotnetcoreCalendar", "dotnetcoreCalendar.csproj", "{BE89A79E-F1DC-403B-8CB0-C90A55E82AB3}"
EndProject
Global
	GlobalSection(SolutionConfigurationPlatforms) = preSolution
		Debug|Any CPU = Debug|Any CPU
		Release|Any CPU = Release|Any CPU
	EndGlobalSection
	GlobalSection(ProjectConfigurationPlatforms) = postSolution
		{BE89A79E-F1DC-403B-8CB0-C90A55E82AB3}.Debug|Any CPU.ActiveCfg = Debug|Any CPU
		{BE89A79E-F1DC-403B-8CB0-C90A55E82AB3}.Debug|Any CPU.Build.0 = Debug|Any CPU
		{BE89A79E-F1DC-403B-8CB0-C90A55E82AB3}.Release|Any CPU.ActiveCfg = Release|Any CPU
		{BE89A79E-F1DC-403B-8CB0-C90A55E82AB3}.Release|Any CPU.Build.0 = Release|Any CPU
	EndGlobalSection
	GlobalSection(SolutionProperties) = preSolution
		HideSolutionNode = FALSE
	EndGlobalSection
	GlobalSection(ExtensibilityGlobals) = postSolution
		SolutionGuid = {DD4DB9DA-0B74-486E-883D-CC8ABD3A005D}
	EndGlobalSection
EndGlobal
